// !$*UTF8*$!
{
	archiveVersion = 1;
	classes = {
	};
	objectVersion = 50;
	objects = {

/* Begin PBXBuildFile section */
		DE87B0EA2195BDA5008A731D /* AppDelegate.swift in Sources */ = {isa = PBXBuildFile; fileRef = DE87B0E92195BDA5008A731D /* AppDelegate.swift */; };
		DE87B0EC2195BDA5008A731D /* ViewController.swift in Sources */ = {isa = PBXBuildFile; fileRef = DE87B0EB2195BDA5008A731D /* ViewController.swift */; };
		DE87B0EF2195BDA5008A731D /* Main.storyboard in Resources */ = {isa = PBXBuildFile; fileRef = DE87B0ED2195BDA5008A731D /* Main.storyboard */; };
		DE87B0F22195BDA5008A731D /* FacebookMessanger.xcdatamodeld in Sources */ = {isa = PBXBuildFile; fileRef = DE87B0F02195BDA5008A731D /* FacebookMessanger.xcdatamodeld */; };
		DE87B0F42195BDA6008A731D /* Assets.xcassets in Resources */ = {isa = PBXBuildFile; fileRef = DE87B0F32195BDA6008A731D /* Assets.xcassets */; };
		DE87B0F72195BDA6008A731D /* LaunchScreen.storyboard in Resources */ = {isa = PBXBuildFile; fileRef = DE87B0F52195BDA6008A731D /* LaunchScreen.storyboard */; };
		DE87B1022195BDA6008A731D /* FacebookMessangerTests.swift in Sources */ = {isa = PBXBuildFile; fileRef = DE87B1012195BDA6008A731D /* FacebookMessangerTests.swift */; };
		DE87B10D2195BDA6008A731D /* FacebookMessangerUITests.swift in Sources */ = {isa = PBXBuildFile; fileRef = DE87B10C2195BDA6008A731D /* FacebookMessangerUITests.swift */; };
/* End PBXBuildFile section */

/* Begin PBXContainerItemProxy section */
		DE87B0FE2195BDA6008A731D /* PBXContainerItemProxy */ = {
			isa = PBXContainerItemProxy;
			containerPortal = DE87B0DE2195BDA5008A731D /* Project object */;
			proxyType = 1;
			remoteGlobalIDString = DE87B0E52195BDA5008A731D;
			remoteInfo = FacebookMessanger;
		};
		DE87B1092195BDA6008A731D /* PBXContainerItemProxy */ = {
			isa = PBXContainerItemProxy;
			containerPortal = DE87B0DE2195BDA5008A731D /* Project object */;
			proxyType = 1;
			remoteGlobalIDString = DE87B0E52195BDA5008A731D;
			remoteInfo = FacebookMessanger;
		};
/* End PBXContainerItemProxy section */

/* Begin PBXFileReference section */
		DE87B0E62195BDA5008A731D /* FacebookMessanger.app */ = {isa = PBXFileReference; explicitFileType = wrapper.application; includeInIndex = 0; path = FacebookMessanger.app; sourceTree = BUILT_PRODUCTS_DIR; };
		DE87B0E92195BDA5008A731D /* AppDelegate.swift */ = {isa = PBXFileReference; lastKnownFileType = sourcecode.swift; path = AppDelegate.swift; sourceTree = "<group>"; };
		DE87B0EB2195BDA5008A731D /* ViewController.swift */ = {isa = PBXFileReference; lastKnownFileType = sourcecode.swift; path = ViewController.swift; sourceTree = "<group>"; };
		DE87B0EE2195BDA5008A731D /* Base */ = {isa = PBXFileReference; lastKnownFileType = file.storyboard; name = Base; path = Base.lproj/Main.storyboard; sourceTree = "<group>"; };
		DE87B0F12195BDA5008A731D /* FacebookMessanger.xcdatamodel */ = {isa = PBXFileReference; lastKnownFileType = wrapper.xcdatamodel; path = FacebookMessanger.xcdatamodel; sourceTree = "<group>"; };
		DE87B0F32195BDA6008A731D /* Assets.xcassets */ = {isa = PBXFileReference; lastKnownFileType = folder.assetcatalog; path = Assets.xcassets; sourceTree = "<group>"; };
		DE87B0F62195BDA6008A731D /* Base */ = {isa = PBXFileReference; lastKnownFileType = file.storyboard; name = Base; path = Base.lproj/LaunchScreen.storyboard; sourceTree = "<group>"; };
		DE87B0F82195BDA6008A731D /* Info.plist */ = {isa = PBXFileReference; lastKnownFileType = text.plist.xml; path = Info.plist; sourceTree = "<group>"; };
		DE87B0FD2195BDA6008A731D /* FacebookMessangerTests.xctest */ = {isa = PBXFileReference; explicitFileType = wrapper.cfbundle; includeInIndex = 0; path = FacebookMessangerTests.xctest; sourceTree = BUILT_PRODUCTS_DIR; };
		DE87B1012195BDA6008A731D /* FacebookMessangerTests.swift */ = {isa = PBXFileReference; lastKnownFileType = sourcecode.swift; path = FacebookMessangerTests.swift; sourceTree = "<group>"; };
		DE87B1032195BDA6008A731D /* Info.plist */ = {isa = PBXFileReference; lastKnownFileType = text.plist.xml; path = Info.plist; sourceTree = "<group>"; };
		DE87B1082195BDA6008A731D /* FacebookMessangerUITests.xctest */ = {isa = PBXFileReference; explicitFileType = wrapper.cfbundle; includeInIndex = 0; path = FacebookMessangerUITests.xctest; sourceTree = BUILT_PRODUCTS_DIR; };
		DE87B10C2195BDA6008A731D /* FacebookMessangerUITests.swift */ = {isa = PBXFileReference; lastKnownFileType = sourcecode.swift; path = FacebookMessangerUITests.swift; sourceTree = "<group>"; };
		DE87B10E2195BDA6008A731D /* Info.plist */ = {isa = PBXFileReference; lastKnownFileType = text.plist.xml; path = Info.plist; sourceTree = "<group>"; };
/* End PBXFileReference section */

/* Begin PBXFrameworksBuildPhase section */
		DE87B0E32195BDA5008A731D /* Frameworks */ = {
			isa = PBXFrameworksBuildPhase;
			buildActionMask = 2147483647;
			files = (
			);
			runOnlyForDeploymentPostprocessing = 0;
		};
		DE87B0FA2195BDA6008A731D /* Frameworks */ = {
			isa = PBXFrameworksBuildPhase;
			buildActionMask = 2147483647;
			files = (
			);
			runOnlyForDeploymentPostprocessing = 0;
		};
		DE87B1052195BDA6008A731D /* Frameworks */ = {
			isa = PBXFrameworksBuildPhase;
			buildActionMask = 2147483647;
			files = (
			);
			runOnlyForDeploymentPostprocessing = 0;
		};
/* End PBXFrameworksBuildPhase section */

/* Begin PBXGroup section */
		DE87B0DD2195BDA5008A731D = {
			isa = PBXGroup;
			children = (
				DE87B0E82195BDA5008A731D /* FacebookMessanger */,
				DE87B1002195BDA6008A731D /* FacebookMessangerTests */,
				DE87B10B2195BDA6008A731D /* FacebookMessangerUITests */,
				DE87B0E72195BDA5008A731D /* Products */,
			);
			sourceTree = "<group>";
		};
		DE87B0E72195BDA5008A731D /* Products */ = {
			isa = PBXGroup;
			children = (
				DE87B0E62195BDA5008A731D /* FacebookMessanger.app */,
				DE87B0FD2195BDA6008A731D /* FacebookMessangerTests.xctest */,
				DE87B1082195BDA6008A731D /* FacebookMessangerUITests.xctest */,
			);
			name = Products;
			sourceTree = "<group>";
		};
		DE87B0E82195BDA5008A731D /* FacebookMessanger */ = {
			isa = PBXGroup;
			children = (
				DE87B0E92195BDA5008A731D /* AppDelegate.swift */,
				DE87B0EB2195BDA5008A731D /* ViewController.swift */,
				DE87B0ED2195BDA5008A731D /* Main.storyboard */,
				DE87B0F32195BDA6008A731D /* Assets.xcassets */,
				DE87B0F52195BDA6008A731D /* LaunchScreen.storyboard */,
				DE87B0F82195BDA6008A731D /* Info.plist */,
				DE87B0F02195BDA5008A731D /* FacebookMessanger.xcdatamodeld */,
			);
			path = FacebookMessanger;
			sourceTree = "<group>";
		};
		DE87B1002195BDA6008A731D /* FacebookMessangerTests */ = {
			isa = PBXGroup;
			children = (
				DE87B1012195BDA6008A731D /* FacebookMessangerTests.swift */,
				DE87B1032195BDA6008A731D /* Info.plist */,
			);
			path = FacebookMessangerTests;
			sourceTree = "<group>";
		};
		DE87B10B2195BDA6008A731D /* FacebookMessangerUITests */ = {
			isa = PBXGroup;
			children = (
				DE87B10C2195BDA6008A731D /* FacebookMessangerUITests.swift */,
				DE87B10E2195BDA6008A731D /* Info.plist */,
			);
			path = FacebookMessangerUITests;
			sourceTree = "<group>";
		};
/* End PBXGroup section */

/* Begin PBXNativeTarget section */
		DE87B0E52195BDA5008A731D /* FacebookMessanger */ = {
			isa = PBXNativeTarget;
			buildConfigurationList = DE87B1112195BDA6008A731D /* Build configuration list for PBXNativeTarget "FacebookMessanger" */;
			buildPhases = (
				DE87B0E22195BDA5008A731D /* Sources */,
				DE87B0E32195BDA5008A731D /* Frameworks */,
				DE87B0E42195BDA5008A731D /* Resources */,
			);
			buildRules = (
			);
			dependencies = (
			);
			name = FacebookMessanger;
			productName = FacebookMessanger;
			productReference = DE87B0E62195BDA5008A731D /* FacebookMessanger.app */;
			productType = "com.apple.product-type.application";
		};
		DE87B0FC2195BDA6008A731D /* FacebookMessangerTests */ = {
			isa = PBXNativeTarget;
			buildConfigurationList = DE87B1142195BDA6008A731D /* Build configuration list for PBXNativeTarget "FacebookMessangerTests" */;
			buildPhases = (
				DE87B0F92195BDA6008A731D /* Sources */,
				DE87B0FA2195BDA6008A731D /* Frameworks */,
				DE87B0FB2195BDA6008A731D /* Resources */,
			);
			buildRules = (
			);
			dependencies = (
				DE87B0FF2195BDA6008A731D /* PBXTargetDependency */,
			);
			name = FacebookMessangerTests;
			productName = FacebookMessangerTests;
			productReference = DE87B0FD2195BDA6008A731D /* FacebookMessangerTests.xctest */;
			productType = "com.apple.product-type.bundle.unit-test";
		};
		DE87B1072195BDA6008A731D /* FacebookMessangerUITests */ = {
			isa = PBXNativeTarget;
			buildConfigurationList = DE87B1172195BDA6008A731D /* Build configuration list for PBXNativeTarget "FacebookMessangerUITests" */;
			buildPhases = (
				DE87B1042195BDA6008A731D /* Sources */,
				DE87B1052195BDA6008A731D /* Frameworks */,
				DE87B1062195BDA6008A731D /* Resources */,
			);
			buildRules = (
			);
			dependencies = (
				DE87B10A2195BDA6008A731D /* PBXTargetDependency */,
			);
			name = FacebookMessangerUITests;
			productName = FacebookMessangerUITests;
			productReference = DE87B1082195BDA6008A731D /* FacebookMessangerUITests.xctest */;
			productType = "com.apple.product-type.bundle.ui-testing";
		};
/* End PBXNativeTarget section */

/* Begin PBXProject section */
		DE87B0DE2195BDA5008A731D /* Project object */ = {
			isa = PBXProject;
			attributes = {
				LastSwiftUpdateCheck = 1010;
				LastUpgradeCheck = 1010;
				ORGANIZATIONNAME = "Ngima Sherpa";
				TargetAttributes = {
					DE87B0E52195BDA5008A731D = {
						CreatedOnToolsVersion = 10.1;
					};
					DE87B0FC2195BDA6008A731D = {
						CreatedOnToolsVersion = 10.1;
						TestTargetID = DE87B0E52195BDA5008A731D;
					};
					DE87B1072195BDA6008A731D = {
						CreatedOnToolsVersion = 10.1;
						TestTargetID = DE87B0E52195BDA5008A731D;
					};
				};
			};
			buildConfigurationList = DE87B0E12195BDA5008A731D /* Build configuration list for PBXProject "FacebookMessanger" */;
			compatibilityVersion = "Xcode 9.3";
			developmentRegion = en;
			hasScannedForEncodings = 0;
			knownRegions = (
				en,
				Base,
			);
			mainGroup = DE87B0DD2195BDA5008A731D;
			productRefGroup = DE87B0E72195BDA5008A731D /* Products */;
			projectDirPath = "";
			projectRoot = "";
			targets = (
				DE87B0E52195BDA5008A731D /* FacebookMessanger */,
				DE87B0FC2195BDA6008A731D /* FacebookMessangerTests */,
				DE87B1072195BDA6008A731D /* FacebookMessangerUITests */,
			);
		};
/* End PBXProject section */

/* Begin PBXResourcesBuildPhase section */
		DE87B0E42195BDA5008A731D /* Resources */ = {
			isa = PBXResourcesBuildPhase;
			buildActionMask = 2147483647;
			files = (
				DE87B0F72195BDA6008A731D /* LaunchScreen.storyboard in Resources */,
				DE87B0F42195BDA6008A731D /* Assets.xcassets in Resources */,
				DE87B0EF2195BDA5008A731D /* Main.storyboard in Resources */,
			);
			runOnlyForDeploymentPostprocessing = 0;
		};
		DE87B0FB2195BDA6008A731D /* Resources */ = {
			isa = PBXResourcesBuildPhase;
			buildActionMask = 2147483647;
			files = (
			);
			runOnlyForDeploymentPostprocessing = 0;
		};
		DE87B1062195BDA6008A731D /* Resources */ = {
			isa = PBXResourcesBuildPhase;
			buildActionMask = 2147483647;
			files = (
			);
			runOnlyForDeploymentPostprocessing = 0;
		};
/* End PBXResourcesBuildPhase section */

/* Begin PBXSourcesBuildPhase section */
		DE87B0E22195BDA5008A731D /* Sources */ = {
			isa = PBXSourcesBuildPhase;
			buildActionMask = 2147483647;
			files = (
				DE87B0EC2195BDA5008A731D /* ViewController.swift in Sources */,
				DE87B0EA2195BDA5008A731D /* AppDelegate.swift in Sources */,
				DE87B0F22195BDA5008A731D /* FacebookMessanger.xcdatamodeld in Sources */,
			);
			runOnlyForDeploymentPostprocessing = 0;
		};
		DE87B0F92195BDA6008A731D /* Sources */ = {
			isa = PBXSourcesBuildPhase;
			buildActionMask = 2147483647;
			files = (
				DE87B1022195BDA6008A731D /* FacebookMessangerTests.swift in Sources */,
			);
			runOnlyForDeploymentPostprocessing = 0;
		};
		DE87B1042195BDA6008A731D /* Sources */ = {
			isa = PBXSourcesBuildPhase;
			buildActionMask = 2147483647;
			files = (
				DE87B10D2195BDA6008A731D /* FacebookMessangerUITests.swift in Sources */,
			);
			runOnlyForDeploymentPostprocessing = 0;
		};
/* End PBXSourcesBuildPhase section */

/* Begin PBXTargetDependency section */
		DE87B0FF2195BDA6008A731D /* PBXTargetDependency */ = {
			isa = PBXTargetDependency;
			target = DE87B0E52195BDA5008A731D /* FacebookMessanger */;
			targetProxy = DE87B0FE2195BDA6008A731D /* PBXContainerItemProxy */;
		};
		DE87B10A2195BDA6008A731D /* PBXTargetDependency */ = {
			isa = PBXTargetDependency;
			target = DE87B0E52195BDA5008A731D /* FacebookMessanger */;
			targetProxy = DE87B1092195BDA6008A731D /* PBXContainerItemProxy */;
		};
/* End PBXTargetDependency section */

/* Begin PBXVariantGroup section */
		DE87B0ED2195BDA5008A731D /* Main.storyboard */ = {
			isa = PBXVariantGroup;
			children = (
				DE87B0EE2195BDA5008A731D /* Base */,
			);
			name = Main.storyboard;
			sourceTree = "<group>";
		};
		DE87B0F52195BDA6008A731D /* LaunchScreen.storyboard */ = {
			isa = PBXVariantGroup;
			children = (
				DE87B0F62195BDA6008A731D /* Base */,
			);
			name = LaunchScreen.storyboard;
			sourceTree = "<group>";
		};
/* End PBXVariantGroup section */

/* Begin XCBuildConfiguration section */
		DE87B10F2195BDA6008A731D /* Debug */ = {
			isa = XCBuildConfiguration;
			buildSettings = {
				ALWAYS_SEARCH_USER_PATHS = NO;
				CLANG_ANALYZER_NONNULL = YES;
				CLANG_ANALYZER_NUMBER_OBJECT_CONVERSION = YES_AGGRESSIVE;
				CLANG_CXX_LANGUAGE_STANDARD = "gnu++14";
				CLANG_CXX_LIBRARY = "libc++";
				CLANG_ENABLE_MODULES = YES;
				CLANG_ENABLE_OBJC_ARC = YES;
				CLANG_ENABLE_OBJC_WEAK = YES;
				CLANG_WARN_BLOCK_CAPTURE_AUTORELEASING = YES;
				CLANG_WARN_BOOL_CONVERSION = YES;
				CLANG_WARN_COMMA = YES;
				CLANG_WARN_CONSTANT_CONVERSION = YES;
				CLANG_WARN_DEPRECATED_OBJC_IMPLEMENTATIONS = YES;
				CLANG_WARN_DIRECT_OBJC_ISA_USAGE = YES_ERROR;
				CLANG_WARN_DOCUMENTATION_COMMENTS = YES;
				CLANG_WARN_EMPTY_BODY = YES;
				CLANG_WARN_ENUM_CONVERSION = YES;
				CLANG_WARN_INFINITE_RECURSION = YES;
				CLANG_WARN_INT_CONVERSION = YES;
				CLANG_WARN_NON_LITERAL_NULL_CONVERSION = YES;
				CLANG_WARN_OBJC_IMPLICIT_RETAIN_SELF = YES;
				CLANG_WARN_OBJC_LITERAL_CONVERSION = YES;
				CLANG_WARN_OBJC_ROOT_CLASS = YES_ERROR;
				CLANG_WARN_RANGE_LOOP_ANALYSIS = YES;
				CLANG_WARN_STRICT_PROTOTYPES = YES;
				CLANG_WARN_SUSPICIOUS_MOVE = YES;
				CLANG_WARN_UNGUARDED_AVAILABILITY = YES_AGGRESSIVE;
				CLANG_WARN_UNREACHABLE_CODE = YES;
				CLANG_WARN__DUPLICATE_METHOD_MATCH = YES;
				CODE_SIGN_IDENTITY = "iPhone Developer";
				COPY_PHASE_STRIP = NO;
				DEBUG_INFORMATION_FORMAT = dwarf;
				ENABLE_STRICT_OBJC_MSGSEND = YES;
				ENABLE_TESTABILITY = YES;
				GCC_C_LANGUAGE_STANDARD = gnu11;
				GCC_DYNAMIC_NO_PIC = NO;
				GCC_NO_COMMON_BLOCKS = YES;
				GCC_OPTIMIZATION_LEVEL = 0;
				GCC_PREPROCESSOR_DEFINITIONS = (
					"DEBUG=1",
					"$(inherited)",
				);
				GCC_WARN_64_TO_32_BIT_CONVERSION = YES;
				GCC_WARN_ABOUT_RETURN_TYPE = YES_ERROR;
				GCC_WARN_UNDECLARED_SELECTOR = YES;
				GCC_WARN_UNINITIALIZED_AUTOS = YES_AGGRESSIVE;
				GCC_WARN_UNUSED_FUNCTION = YES;
				GCC_WARN_UNUSED_VARIABLE = YES;
				IPHONEOS_DEPLOYMENT_TARGET = 12.1;
				MTL_ENABLE_DEBUG_INFO = INCLUDE_SOURCE;
				MTL_FAST_MATH = YES;
				ONLY_ACTIVE_ARCH = YES;
				SDKROOT = iphoneos;
				SWIFT_ACTIVE_COMPILATION_CONDITIONS = DEBUG;
				SWIFT_OPTIMIZATION_LEVEL = "-Onone";
			};
			name = Debug;
		};
		DE87B1102195BDA6008A731D /* Release */ = {
			isa = XCBuildConfiguration;
			buildSettings = {
				ALWAYS_SEARCH_USER_PATHS = NO;
				CLANG_ANALYZER_NONNULL = YES;
				CLANG_ANALYZER_NUMBER_OBJECT_CONVERSION = YES_AGGRESSIVE;
				CLANG_CXX_LANGUAGE_STANDARD = "gnu++14";
				CLANG_CXX_LIBRARY = "libc++";
				CLANG_ENABLE_MODULES = YES;
				CLANG_ENABLE_OBJC_ARC = YES;
				CLANG_ENABLE_OBJC_WEAK = YES;
				CLANG_WARN_BLOCK_CAPTURE_AUTORELEASING = YES;
				CLANG_WARN_BOOL_CONVERSION = YES;
				CLANG_WARN_COMMA = YES;
				CLANG_WARN_CONSTANT_CONVERSION = YES;
				CLANG_WARN_DEPRECATED_OBJC_IMPLEMENTATIONS = YES;
				CLANG_WARN_DIRECT_OBJC_ISA_USAGE = YES_ERROR;
				CLANG_WARN_DOCUMENTATION_COMMENTS = YES;
				CLANG_WARN_EMPTY_BODY = YES;
				CLANG_WARN_ENUM_CONVERSION = YES;
				CLANG_WARN_INFINITE_RECURSION = YES;
				CLANG_WARN_INT_CONVERSION = YES;
				CLANG_WARN_NON_LITERAL_NULL_CONVERSION = YES;
				CLANG_WARN_OBJC_IMPLICIT_RETAIN_SELF = YES;
				CLANG_WARN_OBJC_LITERAL_CONVERSION = YES;
				CLANG_WARN_OBJC_ROOT_CLASS = YES_ERROR;
				CLANG_WARN_RANGE_LOOP_ANALYSIS = YES;
				CLANG_WARN_STRICT_PROTOTYPES = YES;
				CLANG_WARN_SUSPICIOUS_MOVE = YES;
				CLANG_WARN_UNGUARDED_AVAILABILITY = YES_AGGRESSIVE;
				CLANG_WARN_UNREACHABLE_CODE = YES;
				CLANG_WARN__DUPLICATE_METHOD_MATCH = YES;
				CODE_SIGN_IDENTITY = "iPhone Developer";
				COPY_PHASE_STRIP = NO;
				DEBUG_INFORMATION_FORMAT = "dwarf-with-dsym";
				ENABLE_NS_ASSERTIONS = NO;
				ENABLE_STRICT_OBJC_MSGSEND = YES;
				GCC_C_LANGUAGE_STANDARD = gnu11;
				GCC_NO_COMMON_BLOCKS = YES;
				GCC_WARN_64_TO_32_BIT_CONVERSION = YES;
				GCC_WARN_ABOUT_RETURN_TYPE = YES_ERROR;
				GCC_WARN_UNDECLARED_SELECTOR = YES;
				GCC_WARN_UNINITIALIZED_AUTOS = YES_AGGRESSIVE;
				GCC_WARN_UNUSED_FUNCTION = YES;
				GCC_WARN_UNUSED_VARIABLE = YES;
				IPHONEOS_DEPLOYMENT_TARGET = 12.1;
				MTL_ENABLE_DEBUG_INFO = NO;
				MTL_FAST_MATH = YES;
				SDKROOT = iphoneos;
				SWIFT_COMPILATION_MODE = wholemodule;
				SWIFT_OPTIMIZATION_LEVEL = "-O";
				VALIDATE_PRODUCT = YES;
			};
			name = Release;
		};
		DE87B1122195BDA6008A731D /* Debug */ = {
			isa = XCBuildConfiguration;
			buildSettings = {
				ASSETCATALOG_COMPILER_APPICON_NAME = AppIcon;
				CODE_SIGN_STYLE = Automatic;
				INFOPLIST_FILE = FacebookMessanger/Info.plist;
				LD_RUNPATH_SEARCH_PATHS = (
					"$(inherited)",
					"@executable_path/Frameworks",
				);
				PRODUCT_BUNDLE_IDENTIFIER = me.ngima.FacebookMessanger;
				PRODUCT_NAME = "$(TARGET_NAME)";
				SWIFT_VERSION = 4.2;
				TARGETED_DEVICE_FAMILY = "1,2";
			};
			name = Debug;
		};
		DE87B1132195BDA6008A731D /* Release */ = {
			isa = XCBuildConfiguration;
			buildSettings = {
				ASSETCATALOG_COMPILER_APPICON_NAME = AppIcon;
				CODE_SIGN_STYLE = Automatic;
				INFOPLIST_FILE = FacebookMessanger/Info.plist;
				LD_RUNPATH_SEARCH_PATHS = (
					"$(inherited)",
					"@executable_path/Frameworks",
				);
				PRODUCT_BUNDLE_IDENTIFIER = me.ngima.FacebookMessanger;
				PRODUCT_NAME = "$(TARGET_NAME)";
				SWIFT_VERSION = 4.2;
				TARGETED_DEVICE_FAMILY = "1,2";
			};
			name = Release;
		};
		DE87B1152195BDA6008A731D /* Debug */ = {
			isa = XCBuildConfiguration;
			buildSettings = {
				ALWAYS_EMBED_SWIFT_STANDARD_LIBRARIES = YES;
				BUNDLE_LOADER = "$(TEST_HOST)";
				CODE_SIGN_STYLE = Automatic;
				INFOPLIST_FILE = FacebookMessangerTests/Info.plist;
				LD_RUNPATH_SEARCH_PATHS = (
					"$(inherited)",
					"@executable_path/Frameworks",
					"@loader_path/Frameworks",
				);
				PRODUCT_BUNDLE_IDENTIFIER = me.ngima.FacebookMessangerTests;
				PRODUCT_NAME = "$(TARGET_NAME)";
				SWIFT_VERSION = 4.2;
				TARGETED_DEVICE_FAMILY = "1,2";
				TEST_HOST = "$(BUILT_PRODUCTS_DIR)/FacebookMessanger.app/FacebookMessanger";
			};
			name = Debug;
		};
		DE87B1162195BDA6008A731D /* Release */ = {
			isa = XCBuildConfiguration;
			buildSettings = {
				ALWAYS_EMBED_SWIFT_STANDARD_LIBRARIES = YES;
				BUNDLE_LOADER = "$(TEST_HOST)";
				CODE_SIGN_STYLE = Automatic;
				INFOPLIST_FILE = FacebookMessangerTests/Info.plist;
				LD_RUNPATH_SEARCH_PATHS = (
					"$(inherited)",
					"@executable_path/Frameworks",
					"@loader_path/Frameworks",
				);
				PRODUCT_BUNDLE_IDENTIFIER = me.ngima.FacebookMessangerTests;
				PRODUCT_NAME = "$(TARGET_NAME)";
				SWIFT_VERSION = 4.2;
				TARGETED_DEVICE_FAMILY = "1,2";
				TEST_HOST = "$(BUILT_PRODUCTS_DIR)/FacebookMessanger.app/FacebookMessanger";
			};
			name = Release;
		};
		DE87B1182195BDA6008A731D /* Debug */ = {
			isa = XCBuildConfiguration;
			buildSettings = {
				ALWAYS_EMBED_SWIFT_STANDARD_LIBRARIES = YES;
				CODE_SIGN_STYLE = Automatic;
				INFOPLIST_FILE = FacebookMessangerUITests/Info.plist;
				LD_RUNPATH_SEARCH_PATHS = (
					"$(inherited)",
					"@executable_path/Frameworks",
					"@loader_path/Frameworks",
				);
				PRODUCT_BUNDLE_IDENTIFIER = me.ngima.FacebookMessangerUITests;
				PRODUCT_NAME = "$(TARGET_NAME)";
				SWIFT_VERSION = 4.2;
				TARGETED_DEVICE_FAMILY = "1,2";
				TEST_TARGET_NAME = FacebookMessanger;
			};
			name = Debug;
		};
		DE87B1192195BDA6008A731D /* Release */ = {
			isa = XCBuildConfiguration;
			buildSettings = {
				ALWAYS_EMBED_SWIFT_STANDARD_LIBRARIES = YES;
				CODE_SIGN_STYLE = Automatic;
				INFOPLIST_FILE = FacebookMessangerUITests/Info.plist;
				LD_RUNPATH_SEARCH_PATHS = (
					"$(inherited)",
					"@executable_path/Frameworks",
					"@loader_path/Frameworks",
				);
				PRODUCT_BUNDLE_IDENTIFIER = me.ngima.FacebookMessangerUITests;
				PRODUCT_NAME = "$(TARGET_NAME)";
				SWIFT_VERSION = 4.2;
				TARGETED_DEVICE_FAMILY = "1,2";
				TEST_TARGET_NAME = FacebookMessanger;
			};
			name = Release;
		};
/* End XCBuildConfiguration section */

/* Begin XCConfigurationList section */
		DE87B0E12195BDA5008A731D /* Build configuration list for PBXProject "FacebookMessanger" */ = {
			isa = XCConfigurationList;
			buildConfigurations = (
				DE87B10F2195BDA6008A731D /* Debug */,
				DE87B1102195BDA6008A731D /* Release */,
			);
			defaultConfigurationIsVisible = 0;
			defaultConfigurationName = Release;
		};
		DE87B1112195BDA6008A731D /* Build configuration list for PBXNativeTarget "FacebookMessanger" */ = {
			isa = XCConfigurationList;
			buildConfigurations = (
				DE87B1122195BDA6008A731D /* Debug */,
				DE87B1132195BDA6008A731D /* Release */,
			);
			defaultConfigurationIsVisible = 0;
			defaultConfigurationName = Release;
		};
		DE87B1142195BDA6008A731D /* Build configuration list for PBXNativeTarget "FacebookMessangerTests" */ = {
			isa = XCConfigurationList;
			buildConfigurations = (
				DE87B1152195BDA6008A731D /* Debug */,
				DE87B1162195BDA6008A731D /* Release */,
			);
			defaultConfigurationIsVisible = 0;
			defaultConfigurationName = Release;
		};
		DE87B1172195BDA6008A731D /* Build configuration list for PBXNativeTarget "FacebookMessangerUITests" */ = {
			isa = XCConfigurationList;
			buildConfigurations = (
				DE87B1182195BDA6008A731D /* Debug */,
				DE87B1192195BDA6008A731D /* Release */,
			);
			defaultConfigurationIsVisible = 0;
			defaultConfigurationName = Release;
		};
/* End XCConfigurationList section */

/* Begin XCVersionGroup section */
		DE87B0F02195BDA5008A731D /* FacebookMessanger.xcdatamodeld */ = {
			isa = XCVersionGroup;
			children = (
				DE87B0F12195BDA5008A731D /* FacebookMessanger.xcdatamodel */,
			);
			currentVersion = DE87B0F12195BDA5008A731D /* FacebookMessanger.xcdatamodel */;
			path = FacebookMessanger.xcdatamodeld;
			sourceTree = "<group>";
			versionGroupType = wrapper.xcdatamodel;
		};
/* End XCVersionGroup section */
	};
	rootObject = DE87B0DE2195BDA5008A731D /* Project object */;
}
